lockfileVersion: '9.0'

settings:
  autoInstallPeers: true
  excludeLinksFromLockfile: false

importers:

  .:
    dependencies:
      commander:
        specifier: ^13.0.0
        version: 13.0.0
      json-2-csv:
        specifier: ^5.5.7
        version: 5.5.7
      lodash:
        specifier: ^4.17.21
        version: 4.17.21
      lodash.camelcase:
        specifier: ^4.3.0
        version: 4.3.0
    devDependencies:
      '@types/node':
        specifier: ^22.10.6
        version: 22.10.6

packages:

  '@types/node@22.10.6':
    resolution: {integrity: sha512-qNiuwC4ZDAUNcY47xgaSuS92cjf8JbSUoaKS77bmLG1rU7MlATVSiw/IlrjtIyyskXBZ8KkNfjK/P5na7rgXbQ==}

  commander@13.0.0:
    resolution: {integrity: sha512-oPYleIY8wmTVzkvQq10AEok6YcTC4sRUBl8F9gVuwchGVUCTbl/vhLTaQqutuuySYOsu8YTgV+OxKc/8Yvx+mQ==}
    engines: {node: '>=18'}

  deeks@3.1.0:
    resolution: {integrity: sha512-e7oWH1LzIdv/prMQ7pmlDlaVoL64glqzvNgkgQNgyec9ORPHrT2jaOqMtRyqJuwWjtfb6v+2rk9pmaHj+F137A==}
    engines: {node: '>= 16'}

  doc-path@4.1.1:
    resolution: {integrity: sha512-h1ErTglQAVv2gCnOpD3sFS6uolDbOKHDU1BZq+Kl3npPqroU3dYL42lUgMfd5UimlwtRgp7C9dLGwqQ5D2HYgQ==}
    engines: {node: '>=16'}

  json-2-csv@5.5.7:
    resolution: {integrity: sha512-aZ0EOadeNnO4ifF60oXXTH8P177WeHhFLbRLqILW1Kk1gNHlgAOuvddMwEIaxbLpCzx+vXo49whK6AILdg8qLg==}
    engines: {node: '>= 16'}

  lodash.camelcase@4.3.0:
    resolution: {integrity: sha512-TwuEnCnxbc3rAvhf/LbG7tJUDzhqXyFnv3dtzLOPgCG/hODL7WFnsbwktkD7yUV0RrreP/l1PALq/YSg6VvjlA==}

  lodash@4.17.21:
    resolution: {integrity: sha512-v2kDEe57lecTulaDIuNTPy3Ry4gLGJ6Z1O3vE1krgXZNrsQ+LFTGHVxVjcXPs17LhbZVGedAJv8XZ1tvj5FvSg==}

  undici-types@6.20.0:
    resolution: {integrity: sha512-Ny6QZ2Nju20vw1SRHe3d9jVu6gJ+4e3+MMpqu7pqE5HT6WsTSlce++GQmK5UXS8mzV8DSYHrQH+Xrf2jVcuKNg==}

snapshots:

  '@types/node@22.10.6':
    dependencies:
      undici-types: 6.20.0

  commander@13.0.0: {}

  deeks@3.1.0: {}

  doc-path@4.1.1: {}

  json-2-csv@5.5.7:
    dependencies:
      deeks: 3.1.0
      doc-path: 4.1.1

  lodash.camelcase@4.3.0: {}

  lodash@4.17.21: {}

  undici-types@6.20.0: {}
